
Microsoft Visual Studio Solution File, Format Version 12.00
# Visual Studio 14
VisualStudioVersion = 14.0.25420.1
MinimumVisualStudioVersion = 10.0.40219.1
Project("{FAE04EC0-301F-11D3-BF4B-00C04F79EFBC}") = "MyNetFramework.WebApi", "MyNetFramework.WebApi\MyNetFramework.WebApi.csproj", "{E3DD10EE-007B-47AF-9AF2-E27D6F757A76}"
EndProject
Project("{2150E333-8FDC-42A3-9474-1A3956D46DE8}") = "Common", "Common", "{83015B60-26CB-49AE-89AC-55033C635169}"
EndProject
Project("{FAE04EC0-301F-11D3-BF4B-00C04F79EFBC}") = "MyNetFramework.Common", "MyNetFramework.Common\MyNetFramework.Common.csproj", "{D6652450-A2B8-4A49-BB86-A3827C3EB028}"
EndProject
Project("{2150E333-8FDC-42A3-9474-1A3956D46DE8}") = "DB", "DB", "{FACC2DC8-8001-43A3-9485-825FCFEDA9C9}"
EndProject
Project("{2150E333-8FDC-42A3-9474-1A3956D46DE8}") = "Dao", "Dao", "{0FA39419-6384-4D02-A434-C42BEC86CCCE}"
EndProject
Project("{FAE04EC0-301F-11D3-BF4B-00C04F79EFBC}") = "MyNetFramework.Domain", "MyNetFramework.Domain\MyNetFramework.Domain.csproj", "{208DE194-D6A9-4711-B5AC-E8A1CC632422}"
EndProject
Project("{FAE04EC0-301F-11D3-BF4B-00C04F79EFBC}") = "MyNetFramework.DataMapping", "MyNetFramework.DataMapping\MyNetFramework.DataMapping.csproj", "{6FBB86B1-5795-4AF9-9D8C-CA3A54483891}"
EndProject
Project("{FAE04EC0-301F-11D3-BF4B-00C04F79EFBC}") = "MyNetFramework.Dao", "MyNetFramework.Dao\MyNetFramework.Dao.csproj", "{3D22452C-12D6-4E26-A08E-7DE7C48889B3}"
EndProject
Project("{FAE04EC0-301F-11D3-BF4B-00C04F79EFBC}") = "MyNetFramework.IDao", "MyNetFramework.IDao\MyNetFramework.IDao.csproj", "{4F3280AD-E7E0-4D04-B569-00775C7928B7}"
EndProject
Project("{FAE04EC0-301F-11D3-BF4B-00C04F79EFBC}") = "MyNetFramework.IService", "MyNetFramework.IService\MyNetFramework.IService.csproj", "{164F78BB-F86B-4815-B4DB-EBB83FC4FE66}"
EndProject
Project("{FAE04EC0-301F-11D3-BF4B-00C04F79EFBC}") = "MyNetFramework.Service", "MyNetFramework.Service\MyNetFramework.Service.csproj", "{EBDC9014-6E82-454B-A645-085DDF0DE390}"
EndProject
Project("{2150E333-8FDC-42A3-9474-1A3956D46DE8}") = "Service", "Service", "{9A650020-3AEC-4562-844E-A800EA2346C1}"
EndProject
Project("{2150E333-8FDC-42A3-9474-1A3956D46DE8}") = "Api", "Api", "{7953DC1B-4819-49D6-85DA-C822B3D02B5F}"
EndProject
Project("{2150E333-8FDC-42A3-9474-1A3956D46DE8}") = "UI", "UI", "{DC2ED4F8-95D1-449D-8379-C6D396F2EB64}"
EndProject
Project("{FAE04EC0-301F-11D3-BF4B-00C04F79EFBC}") = "MyNetFramework.UI", "MyNetFramework.UI\MyNetFramework.UI.csproj", "{A1BF7287-93BF-44EA-93FA-3D712D5ABE8F}"
EndProject
Global
	GlobalSection(SolutionConfigurationPlatforms) = preSolution
		Debug|Any CPU = Debug|Any CPU
		Release|Any CPU = Release|Any CPU
	EndGlobalSection
	GlobalSection(ProjectConfigurationPlatforms) = postSolution
		{E3DD10EE-007B-47AF-9AF2-E27D6F757A76}.Debug|Any CPU.ActiveCfg = Debug|Any CPU
		{E3DD10EE-007B-47AF-9AF2-E27D6F757A76}.Debug|Any CPU.Build.0 = Debug|Any CPU
		{E3DD10EE-007B-47AF-9AF2-E27D6F757A76}.Release|Any CPU.ActiveCfg = Release|Any CPU
		{E3DD10EE-007B-47AF-9AF2-E27D6F757A76}.Release|Any CPU.Build.0 = Release|Any CPU
		{D6652450-A2B8-4A49-BB86-A3827C3EB028}.Debug|Any CPU.ActiveCfg = Debug|Any CPU
		{D6652450-A2B8-4A49-BB86-A3827C3EB028}.Debug|Any CPU.Build.0 = Debug|Any CPU
		{D6652450-A2B8-4A49-BB86-A3827C3EB028}.Release|Any CPU.ActiveCfg = Release|Any CPU
		{D6652450-A2B8-4A49-BB86-A3827C3EB028}.Release|Any CPU.Build.0 = Release|Any CPU
		{208DE194-D6A9-4711-B5AC-E8A1CC632422}.Debug|Any CPU.ActiveCfg = Debug|Any CPU
		{208DE194-D6A9-4711-B5AC-E8A1CC632422}.Debug|Any CPU.Build.0 = Debug|Any CPU
		{208DE194-D6A9-4711-B5AC-E8A1CC632422}.Release|Any CPU.ActiveCfg = Release|Any CPU
		{208DE194-D6A9-4711-B5AC-E8A1CC632422}.Release|Any CPU.Build.0 = Release|Any CPU
		{6FBB86B1-5795-4AF9-9D8C-CA3A54483891}.Debug|Any CPU.ActiveCfg = Debug|Any CPU
		{6FBB86B1-5795-4AF9-9D8C-CA3A54483891}.Debug|Any CPU.Build.0 = Debug|Any CPU
		{6FBB86B1-5795-4AF9-9D8C-CA3A54483891}.Release|Any CPU.ActiveCfg = Release|Any CPU
		{6FBB86B1-5795-4AF9-9D8C-CA3A54483891}.Release|Any CPU.Build.0 = Release|Any CPU
		{3D22452C-12D6-4E26-A08E-7DE7C48889B3}.Debug|Any CPU.ActiveCfg = Debug|Any CPU
		{3D22452C-12D6-4E26-A08E-7DE7C48889B3}.Debug|Any CPU.Build.0 = Debug|Any CPU
		{3D22452C-12D6-4E26-A08E-7DE7C48889B3}.Release|Any CPU.ActiveCfg = Release|Any CPU
		{3D22452C-12D6-4E26-A08E-7DE7C48889B3}.Release|Any CPU.Build.0 = Release|Any CPU
		{4F3280AD-E7E0-4D04-B569-00775C7928B7}.Debug|Any CPU.ActiveCfg = Debug|Any CPU
		{4F3280AD-E7E0-4D04-B569-00775C7928B7}.Debug|Any CPU.Build.0 = Debug|Any CPU
		{4F3280AD-E7E0-4D04-B569-00775C7928B7}.Release|Any CPU.ActiveCfg = Release|Any CPU
		{4F3280AD-E7E0-4D04-B569-00775C7928B7}.Release|Any CPU.Build.0 = Release|Any CPU
		{164F78BB-F86B-4815-B4DB-EBB83FC4FE66}.Debug|Any CPU.ActiveCfg = Debug|Any CPU
		{164F78BB-F86B-4815-B4DB-EBB83FC4FE66}.Debug|Any CPU.Build.0 = Debug|Any CPU
		{164F78BB-F86B-4815-B4DB-EBB83FC4FE66}.Release|Any CPU.ActiveCfg = Release|Any CPU
		{164F78BB-F86B-4815-B4DB-EBB83FC4FE66}.Release|Any CPU.Build.0 = Release|Any CPU
		{EBDC9014-6E82-454B-A645-085DDF0DE390}.Debug|Any CPU.ActiveCfg = Debug|Any CPU
		{EBDC9014-6E82-454B-A645-085DDF0DE390}.Debug|Any CPU.Build.0 = Debug|Any CPU
		{EBDC9014-6E82-454B-A645-085DDF0DE390}.Release|Any CPU.ActiveCfg = Release|Any CPU
		{EBDC9014-6E82-454B-A645-085DDF0DE390}.Release|Any CPU.Build.0 = Release|Any CPU
		{A1BF7287-93BF-44EA-93FA-3D712D5ABE8F}.Debug|Any CPU.ActiveCfg = Debug|Any CPU
		{A1BF7287-93BF-44EA-93FA-3D712D5ABE8F}.Debug|Any CPU.Build.0 = Debug|Any CPU
		{A1BF7287-93BF-44EA-93FA-3D712D5ABE8F}.Release|Any CPU.ActiveCfg = Release|Any CPU
		{A1BF7287-93BF-44EA-93FA-3D712D5ABE8F}.Release|Any CPU.Build.0 = Release|Any CPU
	EndGlobalSection
	GlobalSection(SolutionProperties) = preSolution
		HideSolutionNode = FALSE
	EndGlobalSection
	GlobalSection(NestedProjects) = preSolution
		{E3DD10EE-007B-47AF-9AF2-E27D6F757A76} = {7953DC1B-4819-49D6-85DA-C822B3D02B5F}
		{D6652450-A2B8-4A49-BB86-A3827C3EB028} = {83015B60-26CB-49AE-89AC-55033C635169}
		{208DE194-D6A9-4711-B5AC-E8A1CC632422} = {FACC2DC8-8001-43A3-9485-825FCFEDA9C9}
		{6FBB86B1-5795-4AF9-9D8C-CA3A54483891} = {FACC2DC8-8001-43A3-9485-825FCFEDA9C9}
		{3D22452C-12D6-4E26-A08E-7DE7C48889B3} = {0FA39419-6384-4D02-A434-C42BEC86CCCE}
		{4F3280AD-E7E0-4D04-B569-00775C7928B7} = {0FA39419-6384-4D02-A434-C42BEC86CCCE}
		{164F78BB-F86B-4815-B4DB-EBB83FC4FE66} = {9A650020-3AEC-4562-844E-A800EA2346C1}
		{EBDC9014-6E82-454B-A645-085DDF0DE390} = {9A650020-3AEC-4562-844E-A800EA2346C1}
		{A1BF7287-93BF-44EA-93FA-3D712D5ABE8F} = {DC2ED4F8-95D1-449D-8379-C6D396F2EB64}
	EndGlobalSection
EndGlobal
